// !$*UTF8*$!
{
	archiveVersion = 1;
	classes = {
	};
	objectVersion = 46;
	objects = {

/* Begin PBXBuildFile section */
		A1BBF23119599E7800CF080F /* Foundation.framework in Frameworks */ = {isa = PBXBuildFile; fileRef = A1BBF23019599E7800CF080F /* Foundation.framework */; };
		A1BBF23319599E7800CF080F /* CoreGraphics.framework in Frameworks */ = {isa = PBXBuildFile; fileRef = A1BBF23219599E7800CF080F /* CoreGraphics.framework */; };
		A1BBF23519599E7900CF080F /* UIKit.framework in Frameworks */ = {isa = PBXBuildFile; fileRef = A1BBF23419599E7900CF080F /* UIKit.framework */; };
		A1BBF23B19599E7900CF080F /* InfoPlist.strings in Resources */ = {isa = PBXBuildFile; fileRef = A1BBF23919599E7900CF080F /* InfoPlist.strings */; };
		A1BBF23D19599E7900CF080F /* main.m in Sources */ = {isa = PBXBuildFile; fileRef = A1BBF23C19599E7900CF080F /* main.m */; };
		A1BBF24119599E7900CF080F /* PRAppDelegate.m in Sources */ = {isa = PBXBuildFile; fileRef = A1BBF24019599E7900CF080F /* PRAppDelegate.m */; };
		A1BBF24419599E7900CF080F /* Main.storyboard in Resources */ = {isa = PBXBuildFile; fileRef = A1BBF24219599E7900CF080F /* Main.storyboard */; };
		A1BBF24719599E7900CF080F /* PRViewController.m in Sources */ = {isa = PBXBuildFile; fileRef = A1BBF24619599E7900CF080F /* PRViewController.m */; };
		A1BBF24919599E7900CF080F /* Images.xcassets in Resources */ = {isa = PBXBuildFile; fileRef = A1BBF24819599E7900CF080F /* Images.xcassets */; };
		A1BBF25019599E7900CF080F /* XCTest.framework in Frameworks */ = {isa = PBXBuildFile; fileRef = A1BBF24F19599E7900CF080F /* XCTest.framework */; };
		A1BBF25119599E7900CF080F /* Foundation.framework in Frameworks */ = {isa = PBXBuildFile; fileRef = A1BBF23019599E7800CF080F /* Foundation.framework */; };
		A1BBF25219599E7900CF080F /* UIKit.framework in Frameworks */ = {isa = PBXBuildFile; fileRef = A1BBF23419599E7900CF080F /* UIKit.framework */; };
		A1BBF25A19599E7900CF080F /* InfoPlist.strings in Resources */ = {isa = PBXBuildFile; fileRef = A1BBF25819599E7900CF080F /* InfoPlist.strings */; };
		A1BBF25C19599E7900CF080F /* Git_TestTests.m in Sources */ = {isa = PBXBuildFile; fileRef = A1BBF25B19599E7900CF080F /* Git_TestTests.m */; };
/* End PBXBuildFile section */

/* Begin PBXContainerItemProxy section */
		A1BBF25319599E7900CF080F /* PBXContainerItemProxy */ = {
			isa = PBXContainerItemProxy;
			containerPortal = A1BBF22519599E7800CF080F /* Project object */;
			proxyType = 1;
			remoteGlobalIDString = A1BBF22C19599E7800CF080F;
			remoteInfo = "Git Test";
		};
/* End PBXContainerItemProxy section */

/* Begin PBXFileReference section */
		A1BBF22D19599E7800CF080F /* Git Test.app */ = {isa = PBXFileReference; explicitFileType = wrapper.application; includeInIndex = 0; path = "Git Test.app"; sourceTree = BUILT_PRODUCTS_DIR; };
		A1BBF23019599E7800CF080F /* Foundation.framework */ = {isa = PBXFileReference; lastKnownFileType = wrapper.framework; name = Foundation.framework; path = System/Library/Frameworks/Foundation.framework; sourceTree = SDKROOT; };
		A1BBF23219599E7800CF080F /* CoreGraphics.framework */ = {isa = PBXFileReference; lastKnownFileType = wrapper.framework; name = CoreGraphics.framework; path = System/Library/Frameworks/CoreGraphics.framework; sourceTree = SDKROOT; };
		A1BBF23419599E7900CF080F /* UIKit.framework */ = {isa = PBXFileReference; lastKnownFileType = wrapper.framework; name = UIKit.framework; path = System/Library/Frameworks/UIKit.framework; sourceTree = SDKROOT; };
		A1BBF23819599E7900CF080F /* Git Test-Info.plist */ = {isa = PBXFileReference; lastKnownFileType = text.plist.xml; path = "Git Test-Info.plist"; sourceTree = "<group>"; };
		A1BBF23A19599E7900CF080F /* en */ = {isa = PBXFileReference; lastKnownFileType = text.plist.strings; name = en; path = en.lproj/InfoPlist.strings; sourceTree = "<group>"; };
		A1BBF23C19599E7900CF080F /* main.m */ = {isa = PBXFileReference; lastKnownFileType = sourcecode.c.objc; path = main.m; sourceTree = "<group>"; };
		A1BBF23E19599E7900CF080F /* Git Test-Prefix.pch */ = {isa = PBXFileReference; lastKnownFileType = sourcecode.c.h; path = "Git Test-Prefix.pch"; sourceTree = "<group>"; };
		A1BBF23F19599E7900CF080F /* PRAppDelegate.h */ = {isa = PBXFileReference; lastKnownFileType = sourcecode.c.h; path = PRAppDelegate.h; sourceTree = "<group>"; };
		A1BBF24019599E7900CF080F /* PRAppDelegate.m */ = {isa = PBXFileReference; lastKnownFileType = sourcecode.c.objc; path = PRAppDelegate.m; sourceTree = "<group>"; };
		A1BBF24319599E7900CF080F /* Base */ = {isa = PBXFileReference; lastKnownFileType = file.storyboard; name = Base; path = Base.lproj/Main.storyboard; sourceTree = "<group>"; };
		A1BBF24519599E7900CF080F /* PRViewController.h */ = {isa = PBXFileReference; lastKnownFileType = sourcecode.c.h; path = PRViewController.h; sourceTree = "<group>"; };
		A1BBF24619599E7900CF080F /* PRViewController.m */ = {isa = PBXFileReference; lastKnownFileType = sourcecode.c.objc; path = PRViewController.m; sourceTree = "<group>"; };
		A1BBF24819599E7900CF080F /* Images.xcassets */ = {isa = PBXFileReference; lastKnownFileType = folder.assetcatalog; path = Images.xcassets; sourceTree = "<group>"; };
		A1BBF24E19599E7900CF080F /* Git TestTests.xctest */ = {isa = PBXFileReference; explicitFileType = wrapper.cfbundle; includeInIndex = 0; path = "Git TestTests.xctest"; sourceTree = BUILT_PRODUCTS_DIR; };
		A1BBF24F19599E7900CF080F /* XCTest.framework */ = {isa = PBXFileReference; lastKnownFileType = wrapper.framework; name = XCTest.framework; path = Library/Frameworks/XCTest.framework; sourceTree = DEVELOPER_DIR; };
		A1BBF25719599E7900CF080F /* Git TestTests-Info.plist */ = {isa = PBXFileReference; lastKnownFileType = text.plist.xml; path = "Git TestTests-Info.plist"; sourceTree = "<group>"; };
		A1BBF25919599E7900CF080F /* en */ = {isa = PBXFileReference; lastKnownFileType = text.plist.strings; name = en; path = en.lproj/InfoPlist.strings; sourceTree = "<group>"; };
		A1BBF25B19599E7900CF080F /* Git_TestTests.m */ = {isa = PBXFileReference; lastKnownFileType = sourcecode.c.objc; path = Git_TestTests.m; sourceTree = "<group>"; };
/* End PBXFileReference section */

/* Begin PBXFrameworksBuildPhase section */
		A1BBF22A19599E7800CF080F /* Frameworks */ = {
			isa = PBXFrameworksBuildPhase;
			buildActionMask = 2147483647;
			files = (
				A1BBF23319599E7800CF080F /* CoreGraphics.framework in Frameworks */,
				A1BBF23519599E7900CF080F /* UIKit.framework in Frameworks */,
				A1BBF23119599E7800CF080F /* Foundation.framework in Frameworks */,
			);
			runOnlyForDeploymentPostprocessing = 0;
		};
		A1BBF24B19599E7900CF080F /* Frameworks */ = {
			isa = PBXFrameworksBuildPhase;
			buildActionMask = 2147483647;
			files = (
				A1BBF25019599E7900CF080F /* XCTest.framework in Frameworks */,
				A1BBF25219599E7900CF080F /* UIKit.framework in Frameworks */,
				A1BBF25119599E7900CF080F /* Foundation.framework in Frameworks */,
			);
			runOnlyForDeploymentPostprocessing = 0;
		};
/* End PBXFrameworksBuildPhase section */

/* Begin PBXGroup section */
		A1BBF22419599E7800CF080F = {
			isa = PBXGroup;
			children = (
				A1BBF23619599E7900CF080F /* Git Test */,
				A1BBF25519599E7900CF080F /* Git TestTests */,
				A1BBF22F19599E7800CF080F /* Frameworks */,
				A1BBF22E19599E7800CF080F /* Products */,
			);
			sourceTree = "<group>";
		};
		A1BBF22E19599E7800CF080F /* Products */ = {
			isa = PBXGroup;
			children = (
				A1BBF22D19599E7800CF080F /* Git Test.app */,
				A1BBF24E19599E7900CF080F /* Git TestTests.xctest */,
			);
			name = Products;
			sourceTree = "<group>";
		};
		A1BBF22F19599E7800CF080F /* Frameworks */ = {
			isa = PBXGroup;
			children = (
				A1BBF23019599E7800CF080F /* Foundation.framework */,
				A1BBF23219599E7800CF080F /* CoreGraphics.framework */,
				A1BBF23419599E7900CF080F /* UIKit.framework */,
				A1BBF24F19599E7900CF080F /* XCTest.framework */,
			);
			name = Frameworks;
			sourceTree = "<group>";
		};
		A1BBF23619599E7900CF080F /* Git Test */ = {
			isa = PBXGroup;
			children = (
				A1BBF23F19599E7900CF080F /* PRAppDelegate.h */,
				A1BBF24019599E7900CF080F /* PRAppDelegate.m */,
				A1BBF24219599E7900CF080F /* Main.storyboard */,
				A1BBF24519599E7900CF080F /* PRViewController.h */,
				A1BBF24619599E7900CF080F /* PRViewController.m */,
				A1BBF24819599E7900CF080F /* Images.xcassets */,
				A1BBF23719599E7900CF080F /* Supporting Files */,
			);
			path = "Git Test";
			sourceTree = "<group>";
		};
		A1BBF23719599E7900CF080F /* Supporting Files */ = {
			isa = PBXGroup;
			children = (
				A1BBF23819599E7900CF080F /* Git Test-Info.plist */,
				A1BBF23919599E7900CF080F /* InfoPlist.strings */,
				A1BBF23C19599E7900CF080F /* main.m */,
				A1BBF23E19599E7900CF080F /* Git Test-Prefix.pch */,
			);
			name = "Supporting Files";
			sourceTree = "<group>";
		};
		A1BBF25519599E7900CF080F /* Git TestTests */ = {
			isa = PBXGroup;
			children = (
				A1BBF25B19599E7900CF080F /* Git_TestTests.m */,
				A1BBF25619599E7900CF080F /* Supporting Files */,
			);
			path = "Git TestTests";
			sourceTree = "<group>";
		};
		A1BBF25619599E7900CF080F /* Supporting Files */ = {
			isa = PBXGroup;
			children = (
				A1BBF25719599E7900CF080F /* Git TestTests-Info.plist */,
				A1BBF25819599E7900CF080F /* InfoPlist.strings */,
			);
			name = "Supporting Files";
			sourceTree = "<group>";
		};
/* End PBXGroup section */

/* Begin PBXNativeTarget section */
		A1BBF22C19599E7800CF080F /* Git Test */ = {
			isa = PBXNativeTarget;
			buildConfigurationList = A1BBF25F19599E7900CF080F /* Build configuration list for PBXNativeTarget "Git Test" */;
			buildPhases = (
				A1BBF22919599E7800CF080F /* Sources */,
				A1BBF22A19599E7800CF080F /* Frameworks */,
				A1BBF22B19599E7800CF080F /* Resources */,
			);
			buildRules = (
			);
			dependencies = (
			);
			name = "Git Test";
			productName = "Git Test";
			productReference = A1BBF22D19599E7800CF080F /* Git Test.app */;
			productType = "com.apple.product-type.application";
		};
		A1BBF24D19599E7900CF080F /* Git TestTests */ = {
			isa = PBXNativeTarget;
			buildConfigurationList = A1BBF26219599E7900CF080F /* Build configuration list for PBXNativeTarget "Git TestTests" */;
			buildPhases = (
				A1BBF24A19599E7900CF080F /* Sources */,
				A1BBF24B19599E7900CF080F /* Frameworks */,
				A1BBF24C19599E7900CF080F /* Resources */,
			);
			buildRules = (
			);
			dependencies = (
				A1BBF25419599E7900CF080F /* PBXTargetDependency */,
			);
			name = "Git TestTests";
			productName = "Git TestTests";
			productReference = A1BBF24E19599E7900CF080F /* Git TestTests.xctest */;
			productType = "com.apple.product-type.bundle.unit-test";
		};
/* End PBXNativeTarget section */

/* Begin PBXProject section */
		A1BBF22519599E7800CF080F /* Project object */ = {
			isa = PBXProject;
			attributes = {
				CLASSPREFIX = PR;
				LastUpgradeCheck = 0510;
				ORGANIZATIONNAME = "Pranav Ranawat";
				TargetAttributes = {
					A1BBF24D19599E7900CF080F = {
						TestTargetID = A1BBF22C19599E7800CF080F;
					};
				};
			};
			buildConfigurationList = A1BBF22819599E7800CF080F /* Build configuration list for PBXProject "Git Test" */;
			compatibilityVersion = "Xcode 3.2";
			developmentRegion = English;
			hasScannedForEncodings = 0;
			knownRegions = (
				en,
				Base,
			);
			mainGroup = A1BBF22419599E7800CF080F;
			productRefGroup = A1BBF22E19599E7800CF080F /* Products */;
			projectDirPath = "";
			projectRoot = "";
			targets = (
				A1BBF22C19599E7800CF080F /* Git Test */,
				A1BBF24D19599E7900CF080F /* Git TestTests */,
			);
		};
/* End PBXProject section */

/* Begin PBXResourcesBuildPhase section */
		A1BBF22B19599E7800CF080F /* Resources */ = {
			isa = PBXResourcesBuildPhase;
			buildActionMask = 2147483647;
			files = (
				A1BBF24919599E7900CF080F /* Images.xcassets in Resources */,
				A1BBF23B19599E7900CF080F /* InfoPlist.strings in Resources */,
				A1BBF24419599E7900CF080F /* Main.storyboard in Resources */,
			);
			runOnlyForDeploymentPostprocessing = 0;
		};
		A1BBF24C19599E7900CF080F /* Resources */ = {
			isa = PBXResourcesBuildPhase;
			buildActionMask = 2147483647;
			files = (
				A1BBF25A19599E7900CF080F /* InfoPlist.strings in Resources */,
			);
			runOnlyForDeploymentPostprocessing = 0;
		};
/* End PBXResourcesBuildPhase section */

/* Begin PBXSourcesBuildPhase section */
		A1BBF22919599E7800CF080F /* Sources */ = {
			isa = PBXSourcesBuildPhase;
			buildActionMask = 2147483647;
			files = (
				A1BBF24119599E7900CF080F /* PRAppDelegate.m in Sources */,
				A1BBF24719599E7900CF080F /* PRViewController.m in Sources */,
				A1BBF23D19599E7900CF080F /* main.m in Sources */,
			);
			runOnlyForDeploymentPostprocessing = 0;
		};
		A1BBF24A19599E7900CF080F /* Sources */ = {
			isa = PBXSourcesBuildPhase;
			buildActionMask = 2147483647;
			files = (
				A1BBF25C19599E7900CF080F /* Git_TestTests.m in Sources */,
			);
			runOnlyForDeploymentPostprocessing = 0;
		};
/* End PBXSourcesBuildPhase section */

/* Begin PBXTargetDependency section */
		A1BBF25419599E7900CF080F /* PBXTargetDependency */ = {
			isa = PBXTargetDependency;
			target = A1BBF22C19599E7800CF080F /* Git Test */;
			targetProxy = A1BBF25319599E7900CF080F /* PBXContainerItemProxy */;
		};
/* End PBXTargetDependency section */

/* Begin PBXVariantGroup section */
		A1BBF23919599E7900CF080F /* InfoPlist.strings */ = {
			isa = PBXVariantGroup;
			children = (
				A1BBF23A19599E7900CF080F /* en */,
			);
			name = InfoPlist.strings;
			sourceTree = "<group>";
		};
		A1BBF24219599E7900CF080F /* Main.storyboard */ = {
			isa = PBXVariantGroup;
			children = (
				A1BBF24319599E7900CF080F /* Base */,
			);
			name = Main.storyboard;
			sourceTree = "<group>";
		};
		A1BBF25819599E7900CF080F /* InfoPlist.strings */ = {
			isa = PBXVariantGroup;
			children = (
				A1BBF25919599E7900CF080F /* en */,
			);
			name = InfoPlist.strings;
			sourceTree = "<group>";
		};
/* End PBXVariantGroup section */

/* Begin XCBuildConfiguration section */
		A1BBF25D19599E7900CF080F /* Debug */ = {
			isa = XCBuildConfiguration;
			buildSettings = {
				ALWAYS_SEARCH_USER_PATHS = NO;
				CLANG_CXX_LANGUAGE_STANDARD = "gnu++0x";
				CLANG_CXX_LIBRARY = "libc++";
				CLANG_ENABLE_MODULES = YES;
				CLANG_ENABLE_OBJC_ARC = YES;
				CLANG_WARN_BOOL_CONVERSION = YES;
				CLANG_WARN_CONSTANT_CONVERSION = YES;
				CLANG_WARN_DIRECT_OBJC_ISA_USAGE = YES_ERROR;
				CLANG_WARN_EMPTY_BODY = YES;
				CLANG_WARN_ENUM_CONVERSION = YES;
				CLANG_WARN_INT_CONVERSION = YES;
				CLANG_WARN_OBJC_ROOT_CLASS = YES_ERROR;
				CLANG_WARN__DUPLICATE_METHOD_MATCH = YES;
				"CODE_SIGN_IDENTITY[sdk=iphoneos*]" = "iPhone Developer";
				COPY_PHASE_STRIP = NO;
				GCC_C_LANGUAGE_STANDARD = gnu99;
				GCC_DYNAMIC_NO_PIC = NO;
				GCC_OPTIMIZATION_LEVEL = 0;
				GCC_PREPROCESSOR_DEFINITIONS = (
					"DEBUG=1",
					"$(inherited)",
				);
				GCC_SYMBOLS_PRIVATE_EXTERN = NO;
				GCC_WARN_64_TO_32_BIT_CONVERSION = YES;
				GCC_WARN_ABOUT_RETURN_TYPE = YES_ERROR;
				GCC_WARN_UNDECLARED_SELECTOR = YES;
				GCC_WARN_UNINITIALIZED_AUTOS = YES_AGGRESSIVE;
				GCC_WARN_UNUSED_FUNCTION = YES;
				GCC_WARN_UNUSED_VARIABLE = YES;
				IPHONEOS_DEPLOYMENT_TARGET = 7.1;
				ONLY_ACTIVE_ARCH = YES;
				SDKROOT = iphoneos;
			};
			name = Debug;
		};
		A1BBF25E19599E7900CF080F /* Release */ = {
			isa = XCBuildConfiguration;
			buildSettings = {
				ALWAYS_SEARCH_USER_PATHS = NO;
				CLANG_CXX_LANGUAGE_STANDARD = "gnu++0x";
				CLANG_CXX_LIBRARY = "libc++";
				CLANG_ENABLE_MODULES = YES;
				CLANG_ENABLE_OBJC_ARC = YES;
				CLANG_WARN_BOOL_CONVERSION = YES;
				CLANG_WARN_CONSTANT_CONVERSION = YES;
				CLANG_WARN_DIRECT_OBJC_ISA_USAGE = YES_ERROR;
				CLANG_WARN_EMPTY_BODY = YES;
				CLANG_WARN_ENUM_CONVERSION = YES;
				CLANG_WARN_INT_CONVERSION = YES;
				CLANG_WARN_OBJC_ROOT_CLASS = YES_ERROR;
				CLANG_WARN__DUPLICATE_METHOD_MATCH = YES;
				"CODE_SIGN_IDENTITY[sdk=iphoneos*]" = "iPhone Developer";
				COPY_PHASE_STRIP = YES;
				ENABLE_NS_ASSERTIONS = NO;
				GCC_C_LANGUAGE_STANDARD = gnu99;
				GCC_WARN_64_TO_32_BIT_CONVERSION = YES;
				GCC_WARN_ABOUT_RETURN_TYPE = YES_ERROR;
				GCC_WARN_UNDECLARED_SELECTOR = YES;
				GCC_WARN_UNINITIALIZED_AUTOS = YES_AGGRESSIVE;
				GCC_WARN_UNUSED_FUNCTION = YES;
				GCC_WARN_UNUSED_VARIABLE = YES;
				IPHONEOS_DEPLOYMENT_TARGET = 7.1;
				SDKROOT = iphoneos;
				VALIDATE_PRODUCT = YES;
			};
			name = Release;
		};
		A1BBF26019599E7900CF080F /* Debug */ = {
			isa = XCBuildConfiguration;
			buildSettings = {
				ASSETCATALOG_COMPILER_APPICON_NAME = AppIcon;
				ASSETCATALOG_COMPILER_LAUNCHIMAGE_NAME = LaunchImage;
				GCC_PRECOMPILE_PREFIX_HEADER = YES;
				GCC_PREFIX_HEADER = "Git Test/Git Test-Prefix.pch";
				INFOPLIST_FILE = "Git Test/Git Test-Info.plist";
				PRODUCT_NAME = "$(TARGET_NAME)";
				WRAPPER_EXTENSION = app;
			};
			name = Debug;
		};
		A1BBF26119599E7900CF080F /* Release */ = {
			isa = XCBuildConfiguration;
			buildSettings = {
				ASSETCATALOG_COMPILER_APPICON_NAME = AppIcon;
				ASSETCATALOG_COMPILER_LAUNCHIMAGE_NAME = LaunchImage;
				GCC_PRECOMPILE_PREFIX_HEADER = YES;
				GCC_PREFIX_HEADER = "Git Test/Git Test-Prefix.pch";
				INFOPLIST_FILE = "Git Test/Git Test-Info.plist";
				PRODUCT_NAME = "$(TARGET_NAME)";
				WRAPPER_EXTENSION = app;
			};
			name = Release;
		};
		A1BBF26319599E7900CF080F /* Debug */ = {
			isa = XCBuildConfiguration;
			buildSettings = {
				BUNDLE_LOADER = "$(BUILT_PRODUCTS_DIR)/Git Test.app/Git Test";
				FRAMEWORK_SEARCH_PATHS = (
					"$(SDKROOT)/Developer/Library/Frameworks",
					"$(inherited)",
					"$(DEVELOPER_FRAMEWORKS_DIR)",
				);
				GCC_PRECOMPILE_PREFIX_HEADER = YES;
				GCC_PREFIX_HEADER = "Git Test/Git Test-Prefix.pch";
				GCC_PREPROCESSOR_DEFINITIONS = (
					"DEBUG=1",
					"$(inherited)",
				);
				INFOPLIST_FILE = "Git TestTests/Git TestTests-Info.plist";
				PRODUCT_NAME = "$(TARGET_NAME)";
				TEST_HOST = "$(BUNDLE_LOADER)";
				WRAPPER_EXTENSION = xctest;
			};
			name = Debug;
		};
		A1BBF26419599E7900CF080F /* Release */ = {
			isa = XCBuildConfiguration;
			buildSettings = {
				BUNDLE_LOADER = "$(BUILT_PRODUCTS_DIR)/Git Test.app/Git Test";
				FRAMEWORK_SEARCH_PATHS = (
					"$(SDKROOT)/Developer/Library/Frameworks",
					"$(inherited)",
					"$(DEVELOPER_FRAMEWORKS_DIR)",
				);
				GCC_PRECOMPILE_PREFIX_HEADER = YES;
				GCC_PREFIX_HEADER = "Git Test/Git Test-Prefix.pch";
				INFOPLIST_FILE = "Git TestTests/Git TestTests-Info.plist";
				PRODUCT_NAME = "$(TARGET_NAME)";
				TEST_HOST = "$(BUNDLE_LOADER)";
				WRAPPER_EXTENSION = xctest;
			};
			name = Release;
		};
/* End XCBuildConfiguration section */

/* Begin XCConfigurationList section */
		A1BBF22819599E7800CF080F /* Build configuration list for PBXProject "Git Test" */ = {
			isa = XCConfigurationList;
			buildConfigurations = (
				A1BBF25D19599E7900CF080F /* Debug */,
				A1BBF25E19599E7900CF080F /* Release */,
			);
			defaultConfigurationIsVisible = 0;
			defaultConfigurationName = Release;
		};
		A1BBF25F19599E7900CF080F /* Build configuration list for PBXNativeTarget "Git Test" */ = {
			isa = XCConfigurationList;
			buildConfigurations = (
				A1BBF26019599E7900CF080F /* Debug */,
				A1BBF26119599E7900CF080F /* Release */,
			);
			defaultConfigurationIsVisible = 0;
		};
		A1BBF26219599E7900CF080F /* Build configuration list for PBXNativeTarget "Git TestTests" */ = {
			isa = XCConfigurationList;
			buildConfigurations = (
				A1BBF26319599E7900CF080F /* Debug */,
				A1BBF26419599E7900CF080F /* Release */,
			);
			defaultConfigurationIsVisible = 0;
		};
/* End XCConfigurationList section */
	};
	rootObject = A1BBF22519599E7800CF080F /* Project object */;
}
